
Microsoft Visual Studio Solution File, Format Version 12.00
# Visual Studio Version 16
VisualStudioVersion = 16.0.30611.23
MinimumVisualStudioVersion = 10.0.40219.1
Project("{FAE04EC0-301F-11D3-BF4B-00C04F79EFBC}") = "WindowsFormsApp1", "WindowsFormsApp1\WindowsFormsApp1.csproj", "{FF647563-0EB1-45E3-8566-57879FF6505A}"
EndProject
Project("{9A19103F-16F7-4668-BE54-9A1E7A4F7556}") = "Provider", "Provider\Provider.csproj", "{658DB946-9CA8-40EB-B42E-7FFE6D01E3EB}"
EndProject
Project("{FAE04EC0-301F-11D3-BF4B-00C04F79EFBC}") = "LeagueOfLegendsTests", "LeagueOfLegendsTests\LeagueOfLegendsTests.csproj", "{C12295D6-C564-4F2F-93F8-70559F57CBE9}"
EndProject
Global
	GlobalSection(SolutionConfigurationPlatforms) = preSolution
		Debug|Any CPU = Debug|Any CPU
		Release|Any CPU = Release|Any CPU
	EndGlobalSection
	GlobalSection(ProjectConfigurationPlatforms) = postSolution
		{FF647563-0EB1-45E3-8566-57879FF6505A}.Debug|Any CPU.ActiveCfg = Debug|Any CPU
		{FF647563-0EB1-45E3-8566-57879FF6505A}.Debug|Any CPU.Build.0 = Debug|Any CPU
		{FF647563-0EB1-45E3-8566-57879FF6505A}.Release|Any CPU.ActiveCfg = Release|Any CPU
		{FF647563-0EB1-45E3-8566-57879FF6505A}.Release|Any CPU.Build.0 = Release|Any CPU
		{658DB946-9CA8-40EB-B42E-7FFE6D01E3EB}.Debug|Any CPU.ActiveCfg = Debug|Any CPU
		{658DB946-9CA8-40EB-B42E-7FFE6D01E3EB}.Debug|Any CPU.Build.0 = Debug|Any CPU
		{658DB946-9CA8-40EB-B42E-7FFE6D01E3EB}.Release|Any CPU.ActiveCfg = Release|Any CPU
		{658DB946-9CA8-40EB-B42E-7FFE6D01E3EB}.Release|Any CPU.Build.0 = Release|Any CPU
		{C12295D6-C564-4F2F-93F8-70559F57CBE9}.Debug|Any CPU.ActiveCfg = Debug|Any CPU
		{C12295D6-C564-4F2F-93F8-70559F57CBE9}.Debug|Any CPU.Build.0 = Debug|Any CPU
		{C12295D6-C564-4F2F-93F8-70559F57CBE9}.Release|Any CPU.ActiveCfg = Release|Any CPU
		{C12295D6-C564-4F2F-93F8-70559F57CBE9}.Release|Any CPU.Build.0 = Release|Any CPU
	EndGlobalSection
	GlobalSection(SolutionProperties) = preSolution
		HideSolutionNode = FALSE
	EndGlobalSection
	GlobalSection(ExtensibilityGlobals) = postSolution
		SolutionGuid = {75BC5BF2-116E-4CEB-84CB-3E7EAB419DF1}
	EndGlobalSection
EndGlobal
